
Microsoft Visual Studio Solution File, Format Version 12.00
# Visual Studio Version 16
VisualStudioVersion = 16.0.31515.178
MinimumVisualStudioVersion = 10.0.40219.1
Project("{FAE04EC0-301F-11D3-BF4B-00C04F79EFBC}") = "SqliteTest", "SqliteTest\SqliteTest.csproj", "{6A0CAF2C-C3F6-4207-906C-367C8675607F}"
EndProject
Global
	GlobalSection(SolutionConfigurationPlatforms) = preSolution
		Debug|Any CPU = Debug|Any CPU
		Release|Any CPU = Release|Any CPU
	EndGlobalSection
	GlobalSection(ProjectConfigurationPlatforms) = postSolution
		{6A0CAF2C-C3F6-4207-906C-367C8675607F}.Debug|Any CPU.ActiveCfg = Debug|Any CPU
		{6A0CAF2C-C3F6-4207-906C-367C8675607F}.Debug|Any CPU.Build.0 = Debug|Any CPU
		{6A0CAF2C-C3F6-4207-906C-367C8675607F}.Release|Any CPU.ActiveCfg = Release|Any CPU
		{6A0CAF2C-C3F6-4207-906C-367C8675607F}.Release|Any CPU.Build.0 = Release|Any CPU
	EndGlobalSection
	GlobalSection(SolutionProperties) = preSolution
		HideSolutionNode = FALSE
	EndGlobalSection
	GlobalSection(ExtensibilityGlobals) = postSolution
		SolutionGuid = {095783B3-4EB7-486A-9E1B-4639F8AB71EC}
	EndGlobalSection
EndGlobal
